// !$*UTF8*$!
{
	archiveVersion = 1;
	classes = {
	};
	objectVersion = 46;
	objects = {

/* Begin PBXBuildFile section */
		52E019D61C0BBC1E0090788F /* main.m in Sources */ = {isa = PBXBuildFile; fileRef = 52E019D51C0BBC1E0090788F /* main.m */; };
		52E019D91C0BBC1E0090788F /* AppDelegate.m in Sources */ = {isa = PBXBuildFile; fileRef = 52E019D81C0BBC1E0090788F /* AppDelegate.m */; };
		52E019DC1C0BBC1E0090788F /* HomeViewController.m in Sources */ = {isa = PBXBuildFile; fileRef = 52E019DB1C0BBC1E0090788F /* HomeViewController.m */; };
		52E019DF1C0BBC1E0090788F /* Main.storyboard in Resources */ = {isa = PBXBuildFile; fileRef = 52E019DD1C0BBC1E0090788F /* Main.storyboard */; };
		52E019E11C0BBC1E0090788F /* Assets.xcassets in Resources */ = {isa = PBXBuildFile; fileRef = 52E019E01C0BBC1E0090788F /* Assets.xcassets */; };
		52E019E41C0BBC1E0090788F /* LaunchScreen.storyboard in Resources */ = {isa = PBXBuildFile; fileRef = 52E019E21C0BBC1E0090788F /* LaunchScreen.storyboard */; };
		52E019ED1C0BBEC50090788F /* SignUpViewController.m in Sources */ = {isa = PBXBuildFile; fileRef = 52E019EC1C0BBEC50090788F /* SignUpViewController.m */; };
		52E019F01C0BBED10090788F /* LoginViewController.m in Sources */ = {isa = PBXBuildFile; fileRef = 52E019EF1C0BBED10090788F /* LoginViewController.m */; };
		52E019F31C0BBEDB0090788F /* NotifyViewController.m in Sources */ = {isa = PBXBuildFile; fileRef = 52E019F21C0BBEDB0090788F /* NotifyViewController.m */; };
		52E019F61C0BC1120090788F /* Bolts.framework in Frameworks */ = {isa = PBXBuildFile; fileRef = 52E019F41C0BC1120090788F /* Bolts.framework */; };
		52E019F71C0BC1120090788F /* Parse.framework in Frameworks */ = {isa = PBXBuildFile; fileRef = 52E019F51C0BC1120090788F /* Parse.framework */; };
		52E019FB1C0BC1330090788F /* Accounts.framework in Frameworks */ = {isa = PBXBuildFile; fileRef = 52E019F81C0BC1330090788F /* Accounts.framework */; };
		52E019FC1C0BC1330090788F /* AudioToolbox.framework in Frameworks */ = {isa = PBXBuildFile; fileRef = 52E019F91C0BC1330090788F /* AudioToolbox.framework */; };
		52E019FD1C0BC1330090788F /* CFNetwork.framework in Frameworks */ = {isa = PBXBuildFile; fileRef = 52E019FA1C0BC1330090788F /* CFNetwork.framework */; };
		52E01A001C0BC13F0090788F /* CoreGraphics.framework in Frameworks */ = {isa = PBXBuildFile; fileRef = 52E019FE1C0BC13F0090788F /* CoreGraphics.framework */; };
		52E01A011C0BC13F0090788F /* CoreLocation.framework in Frameworks */ = {isa = PBXBuildFile; fileRef = 52E019FF1C0BC13F0090788F /* CoreLocation.framework */; };
		52E01A031C0BC1450090788F /* QuartzCore.framework in Frameworks */ = {isa = PBXBuildFile; fileRef = 52E01A021C0BC1450090788F /* QuartzCore.framework */; };
		52E01A051C0BC14D0090788F /* Security.framework in Frameworks */ = {isa = PBXBuildFile; fileRef = 52E01A041C0BC14D0090788F /* Security.framework */; };
		52E01A071C0BC1520090788F /* Social.framework in Frameworks */ = {isa = PBXBuildFile; fileRef = 52E01A061C0BC1520090788F /* Social.framework */; };
		52E01A091C0BC15C0090788F /* StoreKit.framework in Frameworks */ = {isa = PBXBuildFile; fileRef = 52E01A081C0BC15C0090788F /* StoreKit.framework */; };
		52E01A0B1C0BC16F0090788F /* SystemConfiguration.framework in Frameworks */ = {isa = PBXBuildFile; fileRef = 52E01A0A1C0BC16F0090788F /* SystemConfiguration.framework */; };
		52E01A0D1C0BC17A0090788F /* libz.tbd in Frameworks */ = {isa = PBXBuildFile; fileRef = 52E01A0C1C0BC17A0090788F /* libz.tbd */; };
		52E01A0F1C0BC1860090788F /* libsqlite3.tbd in Frameworks */ = {isa = PBXBuildFile; fileRef = 52E01A0E1C0BC1860090788F /* libsqlite3.tbd */; };
/* End PBXBuildFile section */

/* Begin PBXFileReference section */
		52E019D11C0BBC1E0090788F /* SocialTest2.app */ = {isa = PBXFileReference; explicitFileType = wrapper.application; includeInIndex = 0; path = SocialTest2.app; sourceTree = BUILT_PRODUCTS_DIR; };
		52E019D51C0BBC1E0090788F /* main.m */ = {isa = PBXFileReference; lastKnownFileType = sourcecode.c.objc; path = main.m; sourceTree = "<group>"; };
		52E019D71C0BBC1E0090788F /* AppDelegate.h */ = {isa = PBXFileReference; lastKnownFileType = sourcecode.c.h; path = AppDelegate.h; sourceTree = "<group>"; };
		52E019D81C0BBC1E0090788F /* AppDelegate.m */ = {isa = PBXFileReference; lastKnownFileType = sourcecode.c.objc; path = AppDelegate.m; sourceTree = "<group>"; };
		52E019DA1C0BBC1E0090788F /* HomeViewController.h */ = {isa = PBXFileReference; lastKnownFileType = sourcecode.c.h; path = HomeViewController.h; sourceTree = "<group>"; };
		52E019DB1C0BBC1E0090788F /* HomeViewController.m */ = {isa = PBXFileReference; lastKnownFileType = sourcecode.c.objc; path = HomeViewController.m; sourceTree = "<group>"; };
		52E019DE1C0BBC1E0090788F /* Base */ = {isa = PBXFileReference; lastKnownFileType = file.storyboard; name = Base; path = Base.lproj/Main.storyboard; sourceTree = "<group>"; };
		52E019E01C0BBC1E0090788F /* Assets.xcassets */ = {isa = PBXFileReference; lastKnownFileType = folder.assetcatalog; path = Assets.xcassets; sourceTree = "<group>"; };
		52E019E31C0BBC1E0090788F /* Base */ = {isa = PBXFileReference; lastKnownFileType = file.storyboard; name = Base; path = Base.lproj/LaunchScreen.storyboard; sourceTree = "<group>"; };
		52E019E51C0BBC1E0090788F /* Info.plist */ = {isa = PBXFileReference; lastKnownFileType = text.plist.xml; path = Info.plist; sourceTree = "<group>"; };
		52E019EB1C0BBEC50090788F /* SignUpViewController.h */ = {isa = PBXFileReference; fileEncoding = 4; lastKnownFileType = sourcecode.c.h; path = SignUpViewController.h; sourceTree = "<group>"; };
		52E019EC1C0BBEC50090788F /* SignUpViewController.m */ = {isa = PBXFileReference; fileEncoding = 4; lastKnownFileType = sourcecode.c.objc; path = SignUpViewController.m; sourceTree = "<group>"; };
		52E019EE1C0BBED10090788F /* LoginViewController.h */ = {isa = PBXFileReference; fileEncoding = 4; lastKnownFileType = sourcecode.c.h; path = LoginViewController.h; sourceTree = "<group>"; };
		52E019EF1C0BBED10090788F /* LoginViewController.m */ = {isa = PBXFileReference; fileEncoding = 4; lastKnownFileType = sourcecode.c.objc; path = LoginViewController.m; sourceTree = "<group>"; };
		52E019F11C0BBEDB0090788F /* NotifyViewController.h */ = {isa = PBXFileReference; fileEncoding = 4; lastKnownFileType = sourcecode.c.h; path = NotifyViewController.h; sourceTree = "<group>"; };
		52E019F21C0BBEDB0090788F /* NotifyViewController.m */ = {isa = PBXFileReference; fileEncoding = 4; lastKnownFileType = sourcecode.c.objc; path = NotifyViewController.m; sourceTree = "<group>"; };
		52E019F41C0BC1120090788F /* Bolts.framework */ = {isa = PBXFileReference; lastKnownFileType = wrapper.framework; path = Bolts.framework; sourceTree = "<group>"; };
		52E019F51C0BC1120090788F /* Parse.framework */ = {isa = PBXFileReference; lastKnownFileType = wrapper.framework; path = Parse.framework; sourceTree = "<group>"; };
		52E019F81C0BC1330090788F /* Accounts.framework */ = {isa = PBXFileReference; lastKnownFileType = wrapper.framework; name = Accounts.framework; path = System/Library/Frameworks/Accounts.framework; sourceTree = SDKROOT; };
		52E019F91C0BC1330090788F /* AudioToolbox.framework */ = {isa = PBXFileReference; lastKnownFileType = wrapper.framework; name = AudioToolbox.framework; path = System/Library/Frameworks/AudioToolbox.framework; sourceTree = SDKROOT; };
		52E019FA1C0BC1330090788F /* CFNetwork.framework */ = {isa = PBXFileReference; lastKnownFileType = wrapper.framework; name = CFNetwork.framework; path = System/Library/Frameworks/CFNetwork.framework; sourceTree = SDKROOT; };
		52E019FE1C0BC13F0090788F /* CoreGraphics.framework */ = {isa = PBXFileReference; lastKnownFileType = wrapper.framework; name = CoreGraphics.framework; path = System/Library/Frameworks/CoreGraphics.framework; sourceTree = SDKROOT; };
		52E019FF1C0BC13F0090788F /* CoreLocation.framework */ = {isa = PBXFileReference; lastKnownFileType = wrapper.framework; name = CoreLocation.framework; path = System/Library/Frameworks/CoreLocation.framework; sourceTree = SDKROOT; };
		52E01A021C0BC1450090788F /* QuartzCore.framework */ = {isa = PBXFileReference; lastKnownFileType = wrapper.framework; name = QuartzCore.framework; path = System/Library/Frameworks/QuartzCore.framework; sourceTree = SDKROOT; };
		52E01A041C0BC14D0090788F /* Security.framework */ = {isa = PBXFileReference; lastKnownFileType = wrapper.framework; name = Security.framework; path = System/Library/Frameworks/Security.framework; sourceTree = SDKROOT; };
		52E01A061C0BC1520090788F /* Social.framework */ = {isa = PBXFileReference; lastKnownFileType = wrapper.framework; name = Social.framework; path = System/Library/Frameworks/Social.framework; sourceTree = SDKROOT; };
		52E01A081C0BC15C0090788F /* StoreKit.framework */ = {isa = PBXFileReference; lastKnownFileType = wrapper.framework; name = StoreKit.framework; path = System/Library/Frameworks/StoreKit.framework; sourceTree = SDKROOT; };
		52E01A0A1C0BC16F0090788F /* SystemConfiguration.framework */ = {isa = PBXFileReference; lastKnownFileType = wrapper.framework; name = SystemConfiguration.framework; path = System/Library/Frameworks/SystemConfiguration.framework; sourceTree = SDKROOT; };
		52E01A0C1C0BC17A0090788F /* libz.tbd */ = {isa = PBXFileReference; lastKnownFileType = "sourcecode.text-based-dylib-definition"; name = libz.tbd; path = usr/lib/libz.tbd; sourceTree = SDKROOT; };
		52E01A0E1C0BC1860090788F /* libsqlite3.tbd */ = {isa = PBXFileReference; lastKnownFileType = "sourcecode.text-based-dylib-definition"; name = libsqlite3.tbd; path = usr/lib/libsqlite3.tbd; sourceTree = SDKROOT; };
/* End PBXFileReference section */

/* Begin PBXFrameworksBuildPhase section */
		52E019CE1C0BBC1E0090788F /* Frameworks */ = {
			isa = PBXFrameworksBuildPhase;
			buildActionMask = 2147483647;
			files = (
				52E01A0F1C0BC1860090788F /* libsqlite3.tbd in Frameworks */,
				52E01A0D1C0BC17A0090788F /* libz.tbd in Frameworks */,
				52E01A0B1C0BC16F0090788F /* SystemConfiguration.framework in Frameworks */,
				52E01A091C0BC15C0090788F /* StoreKit.framework in Frameworks */,
				52E01A071C0BC1520090788F /* Social.framework in Frameworks */,
				52E01A051C0BC14D0090788F /* Security.framework in Frameworks */,
				52E01A031C0BC1450090788F /* QuartzCore.framework in Frameworks */,
				52E01A001C0BC13F0090788F /* CoreGraphics.framework in Frameworks */,
				52E01A011C0BC13F0090788F /* CoreLocation.framework in Frameworks */,
				52E019FB1C0BC1330090788F /* Accounts.framework in Frameworks */,
				52E019FC1C0BC1330090788F /* AudioToolbox.framework in Frameworks */,
				52E019FD1C0BC1330090788F /* CFNetwork.framework in Frameworks */,
				52E019F71C0BC1120090788F /* Parse.framework in Frameworks */,
				52E019F61C0BC1120090788F /* Bolts.framework in Frameworks */,
			);
			runOnlyForDeploymentPostprocessing = 0;
		};
/* End PBXFrameworksBuildPhase section */

/* Begin PBXGroup section */
		52E019C81C0BBC1E0090788F = {
			isa = PBXGroup;
			children = (
				52E019D31C0BBC1E0090788F /* SocialTest2 */,
				52E019D21C0BBC1E0090788F /* Products */,
				52E01A101C0BC9230090788F /* Frameworks */,
			);
			sourceTree = "<group>";
		};
		52E019D21C0BBC1E0090788F /* Products */ = {
			isa = PBXGroup;
			children = (
				52E019D11C0BBC1E0090788F /* SocialTest2.app */,
			);
			name = Products;
			sourceTree = "<group>";
		};
		52E019D31C0BBC1E0090788F /* SocialTest2 */ = {
			isa = PBXGroup;
			children = (
				52E019D71C0BBC1E0090788F /* AppDelegate.h */,
				52E019D81C0BBC1E0090788F /* AppDelegate.m */,
				52E019DA1C0BBC1E0090788F /* HomeViewController.h */,
				52E019DB1C0BBC1E0090788F /* HomeViewController.m */,
				52E019DD1C0BBC1E0090788F /* Main.storyboard */,
				52E019EE1C0BBED10090788F /* LoginViewController.h */,
				52E019EF1C0BBED10090788F /* LoginViewController.m */,
				52E019F11C0BBEDB0090788F /* NotifyViewController.h */,
				52E019F21C0BBEDB0090788F /* NotifyViewController.m */,
				52E019EB1C0BBEC50090788F /* SignUpViewController.h */,
				52E019EC1C0BBEC50090788F /* SignUpViewController.m */,
				52E019E01C0BBC1E0090788F /* Assets.xcassets */,
				52E019E21C0BBC1E0090788F /* LaunchScreen.storyboard */,
				52E019E51C0BBC1E0090788F /* Info.plist */,
				52E019D41C0BBC1E0090788F /* Supporting Files */,
			);
			path = SocialTest2;
			sourceTree = "<group>";
		};
		52E019D41C0BBC1E0090788F /* Supporting Files */ = {
			isa = PBXGroup;
			children = (
				52E019D51C0BBC1E0090788F /* main.m */,
			);
			name = "Supporting Files";
			sourceTree = "<group>";
		};
		52E01A101C0BC9230090788F /* Frameworks */ = {
			isa = PBXGroup;
			children = (
				52E01A0E1C0BC1860090788F /* libsqlite3.tbd */,
				52E01A0C1C0BC17A0090788F /* libz.tbd */,
				52E01A0A1C0BC16F0090788F /* SystemConfiguration.framework */,
				52E01A081C0BC15C0090788F /* StoreKit.framework */,
				52E01A061C0BC1520090788F /* Social.framework */,
				52E01A041C0BC14D0090788F /* Security.framework */,
				52E01A021C0BC1450090788F /* QuartzCore.framework */,
				52E019FE1C0BC13F0090788F /* CoreGraphics.framework */,
				52E019FF1C0BC13F0090788F /* CoreLocation.framework */,
				52E019F81C0BC1330090788F /* Accounts.framework */,
				52E019F91C0BC1330090788F /* AudioToolbox.framework */,
				52E019FA1C0BC1330090788F /* CFNetwork.framework */,
				52E019F41C0BC1120090788F /* Bolts.framework */,
				52E019F51C0BC1120090788F /* Parse.framework */,
			);
			name = Frameworks;
			sourceTree = "<group>";
		};
/* End PBXGroup section */

/* Begin PBXNativeTarget section */
		52E019D01C0BBC1E0090788F /* SocialTest2 */ = {
			isa = PBXNativeTarget;
			buildConfigurationList = 52E019E81C0BBC1E0090788F /* Build configuration list for PBXNativeTarget "SocialTest2" */;
			buildPhases = (
				52E019CD1C0BBC1E0090788F /* Sources */,
				52E019CE1C0BBC1E0090788F /* Frameworks */,
				52E019CF1C0BBC1E0090788F /* Resources */,
			);
			buildRules = (
			);
			dependencies = (
			);
			name = SocialTest2;
			productName = SocialTest2;
			productReference = 52E019D11C0BBC1E0090788F /* SocialTest2.app */;
			productType = "com.apple.product-type.application";
		};
/* End PBXNativeTarget section */

/* Begin PBXProject section */
		52E019C91C0BBC1E0090788F /* Project object */ = {
			isa = PBXProject;
			attributes = {
				LastUpgradeCheck = 0710;
				ORGANIZATIONNAME = "John Bogil";
				TargetAttributes = {
					52E019D01C0BBC1E0090788F = {
						CreatedOnToolsVersion = 7.1.1;
						DevelopmentTeam = 4Y3GGL46D2;
					};
				};
			};
			buildConfigurationList = 52E019CC1C0BBC1E0090788F /* Build configuration list for PBXProject "SocialTest2" */;
			compatibilityVersion = "Xcode 3.2";
			developmentRegion = English;
			hasScannedForEncodings = 0;
			knownRegions = (
				en,
				Base,
			);
			mainGroup = 52E019C81C0BBC1E0090788F;
			productRefGroup = 52E019D21C0BBC1E0090788F /* Products */;
			projectDirPath = "";
			projectRoot = "";
			targets = (
				52E019D01C0BBC1E0090788F /* SocialTest2 */,
			);
		};
/* End PBXProject section */

/* Begin PBXResourcesBuildPhase section */
		52E019CF1C0BBC1E0090788F /* Resources */ = {
			isa = PBXResourcesBuildPhase;
			buildActionMask = 2147483647;
			files = (
				52E019E41C0BBC1E0090788F /* LaunchScreen.storyboard in Resources */,
				52E019E11C0BBC1E0090788F /* Assets.xcassets in Resources */,
				52E019DF1C0BBC1E0090788F /* Main.storyboard in Resources */,
			);
			runOnlyForDeploymentPostprocessing = 0;
		};
/* End PBXResourcesBuildPhase section */

/* Begin PBXSourcesBuildPhase section */
		52E019CD1C0BBC1E0090788F /* Sources */ = {
			isa = PBXSourcesBuildPhase;
			buildActionMask = 2147483647;
			files = (
				52E019DC1C0BBC1E0090788F /* HomeViewController.m in Sources */,
				52E019D91C0BBC1E0090788F /* AppDelegate.m in Sources */,
				52E019ED1C0BBEC50090788F /* SignUpViewController.m in Sources */,
				52E019F31C0BBEDB0090788F /* NotifyViewController.m in Sources */,
				52E019D61C0BBC1E0090788F /* main.m in Sources */,
				52E019F01C0BBED10090788F /* LoginViewController.m in Sources */,
			);
			runOnlyForDeploymentPostprocessing = 0;
		};
/* End PBXSourcesBuildPhase section */

/* Begin PBXVariantGroup section */
		52E019DD1C0BBC1E0090788F /* Main.storyboard */ = {
			isa = PBXVariantGroup;
			children = (
				52E019DE1C0BBC1E0090788F /* Base */,
			);
			name = Main.storyboard;
			sourceTree = "<group>";
		};
		52E019E21C0BBC1E0090788F /* LaunchScreen.storyboard */ = {
			isa = PBXVariantGroup;
			children = (
				52E019E31C0BBC1E0090788F /* Base */,
			);
			name = LaunchScreen.storyboard;
			sourceTree = "<group>";
		};
/* End PBXVariantGroup section */

/* Begin XCBuildConfiguration section */
		52E019E61C0BBC1E0090788F /* Debug */ = {
			isa = XCBuildConfiguration;
			buildSettings = {
				ALWAYS_SEARCH_USER_PATHS = NO;
				CLANG_CXX_LANGUAGE_STANDARD = "gnu++0x";
				CLANG_CXX_LIBRARY = "libc++";
				CLANG_ENABLE_MODULES = YES;
				CLANG_ENABLE_OBJC_ARC = YES;
				CLANG_WARN_BOOL_CONVERSION = YES;
				CLANG_WARN_CONSTANT_CONVERSION = YES;
				CLANG_WARN_DIRECT_OBJC_ISA_USAGE = YES_ERROR;
				CLANG_WARN_EMPTY_BODY = YES;
				CLANG_WARN_ENUM_CONVERSION = YES;
				CLANG_WARN_INT_CONVERSION = YES;
				CLANG_WARN_OBJC_ROOT_CLASS = YES_ERROR;
				CLANG_WARN_UNREACHABLE_CODE = YES;
				CLANG_WARN__DUPLICATE_METHOD_MATCH = YES;
				CODE_SIGN_IDENTITY = "iPhone Developer";
				"CODE_SIGN_IDENTITY[sdk=iphoneos*]" = "iPhone Developer";
				COPY_PHASE_STRIP = NO;
				DEBUG_INFORMATION_FORMAT = dwarf;
				ENABLE_STRICT_OBJC_MSGSEND = YES;
				ENABLE_TESTABILITY = YES;
				GCC_C_LANGUAGE_STANDARD = gnu99;
				GCC_DYNAMIC_NO_PIC = NO;
				GCC_NO_COMMON_BLOCKS = YES;
				GCC_OPTIMIZATION_LEVEL = 0;
				GCC_PREPROCESSOR_DEFINITIONS = (
					"DEBUG=1",
					"$(inherited)",
				);
				GCC_WARN_64_TO_32_BIT_CONVERSION = YES;
				GCC_WARN_ABOUT_RETURN_TYPE = YES_ERROR;
				GCC_WARN_UNDECLARED_SELECTOR = YES;
				GCC_WARN_UNINITIALIZED_AUTOS = YES_AGGRESSIVE;
				GCC_WARN_UNUSED_FUNCTION = YES;
				GCC_WARN_UNUSED_VARIABLE = YES;
				IPHONEOS_DEPLOYMENT_TARGET = 9.0;
				MTL_ENABLE_DEBUG_INFO = YES;
				ONLY_ACTIVE_ARCH = YES;
				SDKROOT = iphoneos;
				TARGETED_DEVICE_FAMILY = "1,2";
			};
			name = Debug;
		};
		52E019E71C0BBC1E0090788F /* Release */ = {
			isa = XCBuildConfiguration;
			buildSettings = {
				ALWAYS_SEARCH_USER_PATHS = NO;
				CLANG_CXX_LANGUAGE_STANDARD = "gnu++0x";
				CLANG_CXX_LIBRARY = "libc++";
				CLANG_ENABLE_MODULES = YES;
				CLANG_ENABLE_OBJC_ARC = YES;
				CLANG_WARN_BOOL_CONVERSION = YES;
				CLANG_WARN_CONSTANT_CONVERSION = YES;
				CLANG_WARN_DIRECT_OBJC_ISA_USAGE = YES_ERROR;
				CLANG_WARN_EMPTY_BODY = YES;
				CLANG_WARN_ENUM_CONVERSION = YES;
				CLANG_WARN_INT_CONVERSION = YES;
				CLANG_WARN_OBJC_ROOT_CLASS = YES_ERROR;
				CLANG_WARN_UNREACHABLE_CODE = YES;
				CLANG_WARN__DUPLICATE_METHOD_MATCH = YES;
				CODE_SIGN_IDENTITY = "iPhone Developer";
				"CODE_SIGN_IDENTITY[sdk=iphoneos*]" = "iPhone Developer";
				COPY_PHASE_STRIP = NO;
				DEBUG_INFORMATION_FORMAT = "dwarf-with-dsym";
				ENABLE_NS_ASSERTIONS = NO;
				ENABLE_STRICT_OBJC_MSGSEND = YES;
				GCC_C_LANGUAGE_STANDARD = gnu99;
				GCC_NO_COMMON_BLOCKS = YES;
				GCC_WARN_64_TO_32_BIT_CONVERSION = YES;
				GCC_WARN_ABOUT_RETURN_TYPE = YES_ERROR;
				GCC_WARN_UNDECLARED_SELECTOR = YES;
				GCC_WARN_UNINITIALIZED_AUTOS = YES_AGGRESSIVE;
				GCC_WARN_UNUSED_FUNCTION = YES;
				GCC_WARN_UNUSED_VARIABLE = YES;
				IPHONEOS_DEPLOYMENT_TARGET = 9.0;
				MTL_ENABLE_DEBUG_INFO = NO;
				SDKROOT = iphoneos;
				TARGETED_DEVICE_FAMILY = "1,2";
				VALIDATE_PRODUCT = YES;
			};
			name = Release;
		};
		52E019E91C0BBC1E0090788F /* Debug */ = {
			isa = XCBuildConfiguration;
			buildSettings = {
				ASSETCATALOG_COMPILER_APPICON_NAME = AppIcon;
				CODE_SIGN_IDENTITY = "iPhone Developer";
				"CODE_SIGN_IDENTITY[sdk=iphoneos*]" = "iPhone Developer";
				FRAMEWORK_SEARCH_PATHS = (
					"$(inherited)",
					"$(PROJECT_DIR)",
				);
				INFOPLIST_FILE = SocialTest2/Info.plist;
				LD_RUNPATH_SEARCH_PATHS = "$(inherited) @executable_path/Frameworks";
				PRODUCT_BUNDLE_IDENTIFIER = johnbogil.SocialTest2;
				PRODUCT_NAME = "$(TARGET_NAME)";
				PROVISIONING_PROFILE = "";
			};
			name = Debug;
		};
		52E019EA1C0BBC1E0090788F /* Release */ = {
			isa = XCBuildConfiguration;
			buildSettings = {
				ASSETCATALOG_COMPILER_APPICON_NAME = AppIcon;
				CODE_SIGN_IDENTITY = "iPhone Developer";
				"CODE_SIGN_IDENTITY[sdk=iphoneos*]" = "iPhone Developer";
				FRAMEWORK_SEARCH_PATHS = (
					"$(inherited)",
					"$(PROJECT_DIR)",
				);
				INFOPLIST_FILE = SocialTest2/Info.plist;
				LD_RUNPATH_SEARCH_PATHS = "$(inherited) @executable_path/Frameworks";
				PRODUCT_BUNDLE_IDENTIFIER = johnbogil.SocialTest2;
				PRODUCT_NAME = "$(TARGET_NAME)";
				PROVISIONING_PROFILE = "";
			};
			name = Release;
		};
/* End XCBuildConfiguration section */

/* Begin XCConfigurationList section */
		52E019CC1C0BBC1E0090788F /* Build configuration list for PBXProject "SocialTest2" */ = {
			isa = XCConfigurationList;
			buildConfigurations = (
				52E019E61C0BBC1E0090788F /* Debug */,
				52E019E71C0BBC1E0090788F /* Release */,
			);
			defaultConfigurationIsVisible = 0;
			defaultConfigurationName = Release;
		};
		52E019E81C0BBC1E0090788F /* Build configuration list for PBXNativeTarget "SocialTest2" */ = {
			isa = XCConfigurationList;
			buildConfigurations = (
				52E019E91C0BBC1E0090788F /* Debug */,
				52E019EA1C0BBC1E0090788F /* Release */,
			);
			defaultConfigurationIsVisible = 0;
			defaultConfigurationName = Release;
		};
/* End XCConfigurationList section */
	};
	rootObject = 52E019C91C0BBC1E0090788F /* Project object */;
}
